// !$*UTF8*$!
{
	archiveVersion = 1;
	classes = {
	};
	objectVersion = 56;
	objects = {

/* Begin PBXBuildFile section */
		B67555F829C5E531005F2BE2 /* Presenter.swift in Sources */ = {isa = PBXBuildFile; fileRef = B67555F729C5E531005F2BE2 /* Presenter.swift */; };
		B67555FA29C5FD76005F2BE2 /* Router.swift in Sources */ = {isa = PBXBuildFile; fileRef = B67555F929C5FD76005F2BE2 /* Router.swift */; };
		B67555FD29C606AD005F2BE2 /* PasswordSettingView.swift in Sources */ = {isa = PBXBuildFile; fileRef = B67555FC29C606AD005F2BE2 /* PasswordSettingView.swift */; };
		B67555FF29C60CB6005F2BE2 /* MenuViewBuilder.swift in Sources */ = {isa = PBXBuildFile; fileRef = B67555FE29C60CB6005F2BE2 /* MenuViewBuilder.swift */; };
		B675560229C615B7005F2BE2 /* EmailSettingView.swift in Sources */ = {isa = PBXBuildFile; fileRef = B675560129C615B7005F2BE2 /* EmailSettingView.swift */; };
		B6A215E729C4A890008F9D5C /* AppDelegate.swift in Sources */ = {isa = PBXBuildFile; fileRef = B6A215E629C4A890008F9D5C /* AppDelegate.swift */; };
		B6A215E929C4A890008F9D5C /* SceneDelegate.swift in Sources */ = {isa = PBXBuildFile; fileRef = B6A215E829C4A890008F9D5C /* SceneDelegate.swift */; };
		B6A215F029C4A891008F9D5C /* AppIcon.xcassets in Resources */ = {isa = PBXBuildFile; fileRef = B6A215EF29C4A891008F9D5C /* AppIcon.xcassets */; };
		B6A215F329C4A891008F9D5C /* LaunchScreen.storyboard in Resources */ = {isa = PBXBuildFile; fileRef = B6A215F129C4A891008F9D5C /* LaunchScreen.storyboard */; };
		B6A2160829C4A891008F9D5C /* RegexUITests.swift in Sources */ = {isa = PBXBuildFile; fileRef = B6A2160729C4A891008F9D5C /* RegexUITests.swift */; };
		B6A2160A29C4A891008F9D5C /* RegexUITestsLaunchTests.swift in Sources */ = {isa = PBXBuildFile; fileRef = B6A2160929C4A891008F9D5C /* RegexUITestsLaunchTests.swift */; };
		B6A2161D29C4AE78008F9D5C /* EmailValidateUseCase.swift in Sources */ = {isa = PBXBuildFile; fileRef = B6A2161C29C4AE78008F9D5C /* EmailValidateUseCase.swift */; };
		B6A2161F29C4AF2C008F9D5C /* EmailValidateUseCaseTests.swift in Sources */ = {isa = PBXBuildFile; fileRef = B6A2161E29C4AF2C008F9D5C /* EmailValidateUseCaseTests.swift */; };
		B6C2355A29C5422600DB08F6 /* Presentation.xcassets in Resources */ = {isa = PBXBuildFile; fileRef = B6C2355929C5422600DB08F6 /* Presentation.xcassets */; };
		B6C2356029C5476300DB08F6 /* AppState.swift in Sources */ = {isa = PBXBuildFile; fileRef = B6C2355F29C5476300DB08F6 /* AppState.swift */; };
		B6C2356329C5488D00DB08F6 /* RootView.swift in Sources */ = {isa = PBXBuildFile; fileRef = B6C2356229C5488D00DB08F6 /* RootView.swift */; };
		B6C2356629C552F000DB08F6 /* LoginView.swift in Sources */ = {isa = PBXBuildFile; fileRef = B6C2356529C552F000DB08F6 /* LoginView.swift */; };
		B6C2356929C553DF00DB08F6 /* MenuView.swift in Sources */ = {isa = PBXBuildFile; fileRef = B6C2356829C553DF00DB08F6 /* MenuView.swift */; };
		B6C2356B29C5554300DB08F6 /* LoginPresenter.swift in Sources */ = {isa = PBXBuildFile; fileRef = B6C2356A29C5554300DB08F6 /* LoginPresenter.swift */; };
		B6C2357229C5616300DB08F6 /* RoundedButtonStyle.swift in Sources */ = {isa = PBXBuildFile; fileRef = B6C2357129C5616300DB08F6 /* RoundedButtonStyle.swift */; };
		B6C2357529C579D500DB08F6 /* AppTabView.swift in Sources */ = {isa = PBXBuildFile; fileRef = B6C2357429C579D500DB08F6 /* AppTabView.swift */; };
		B6C2357729C57F1200DB08F6 /* MenuPresenter.swift in Sources */ = {isa = PBXBuildFile; fileRef = B6C2357629C57F1200DB08F6 /* MenuPresenter.swift */; };
		B6C2357D29C5906800DB08F6 /* MenuViewModel.swift in Sources */ = {isa = PBXBuildFile; fileRef = B6C2357C29C5906800DB08F6 /* MenuViewModel.swift */; };
		B6CD7E2A29C9D5C20031DB9D /* PasswordCharacterValidator.swift in Sources */ = {isa = PBXBuildFile; fileRef = B6CD7E2929C9D5C20031DB9D /* PasswordCharacterValidator.swift */; };
		B6CD7E2C29C9E0800031DB9D /* PasswordLengthValidator.swift in Sources */ = {isa = PBXBuildFile; fileRef = B6CD7E2B29C9E0800031DB9D /* PasswordLengthValidator.swift */; };
		B6CD7E2E29C9E1C10031DB9D /* PasswordLengthValidateUseCase.swift in Sources */ = {isa = PBXBuildFile; fileRef = B6CD7E2D29C9E1C10031DB9D /* PasswordLengthValidateUseCase.swift */; };
		B6CD7E3029C9E1DC0031DB9D /* PasswordCharacterValidateUseCase.swift in Sources */ = {isa = PBXBuildFile; fileRef = B6CD7E2F29C9E1DC0031DB9D /* PasswordCharacterValidateUseCase.swift */; };
		B6CD7E3229C9E5790031DB9D /* EmailValidator.swift in Sources */ = {isa = PBXBuildFile; fileRef = B6CD7E3129C9E5790031DB9D /* EmailValidator.swift */; };
		B6CD7E3429C9E7680031DB9D /* PasswordLengthValidateUseCaseTests.swift in Sources */ = {isa = PBXBuildFile; fileRef = B6CD7E3329C9E7680031DB9D /* PasswordLengthValidateUseCaseTests.swift */; };
		B6CD7E3629C9E7800031DB9D /* PasswordCharacterValidateUseCaseTests.swift in Sources */ = {isa = PBXBuildFile; fileRef = B6CD7E3529C9E7800031DB9D /* PasswordCharacterValidateUseCaseTests.swift */; };
		B6CD7E3929C9F63C0031DB9D /* CheckmarkText.swift in Sources */ = {isa = PBXBuildFile; fileRef = B6CD7E3829C9F63C0031DB9D /* CheckmarkText.swift */; };
		B6CD7E3C29C9F8DE0031DB9D /* UnmaskableSecureField.swift in Sources */ = {isa = PBXBuildFile; fileRef = B6CD7E3B29C9F8DE0031DB9D /* UnmaskableSecureField.swift */; };
		B6E0A52A29C75968003B4145 /* RootViewBuilder.swift in Sources */ = {isa = PBXBuildFile; fileRef = B6E0A52929C75968003B4145 /* RootViewBuilder.swift */; };
		B6E0A52C29C75ACF003B4145 /* LoginViewBuilder.swift in Sources */ = {isa = PBXBuildFile; fileRef = B6E0A52B29C75ACF003B4145 /* LoginViewBuilder.swift */; };
		B6E0A52E29C767F8003B4145 /* ValidationMenus.swift in Sources */ = {isa = PBXBuildFile; fileRef = B6E0A52D29C767F8003B4145 /* ValidationMenus.swift */; };
		B6E0A53129C768B1003B4145 /* Selection.swift in Sources */ = {isa = PBXBuildFile; fileRef = B6E0A53029C768B1003B4145 /* Selection.swift */; };
		B6E0A53329C76BEC003B4145 /* EmailSettingPresenter.swift in Sources */ = {isa = PBXBuildFile; fileRef = B6E0A53229C76BEC003B4145 /* EmailSettingPresenter.swift */; };
		B6E0A53529C76C07003B4145 /* EmailSettingViewBuilder.swift in Sources */ = {isa = PBXBuildFile; fileRef = B6E0A53429C76C07003B4145 /* EmailSettingViewBuilder.swift */; };
		B6E0A53729C76C71003B4145 /* EmailSettingViewModel.swift in Sources */ = {isa = PBXBuildFile; fileRef = B6E0A53629C76C71003B4145 /* EmailSettingViewModel.swift */; };
		B6E0A53929C770AB003B4145 /* PasswordSettingPresenter.swift in Sources */ = {isa = PBXBuildFile; fileRef = B6E0A53829C770AB003B4145 /* PasswordSettingPresenter.swift */; };
		B6E0A53B29C770BD003B4145 /* PasswordSettingViewBuilder.swift in Sources */ = {isa = PBXBuildFile; fileRef = B6E0A53A29C770BD003B4145 /* PasswordSettingViewBuilder.swift */; };
		B6E0A53D29C770C9003B4145 /* PasswordSettingViewModel.swift in Sources */ = {isa = PBXBuildFile; fileRef = B6E0A53C29C770C9003B4145 /* PasswordSettingViewModel.swift */; };
/* End PBXBuildFile section */

/* Begin PBXContainerItemProxy section */
		B6A215FA29C4A891008F9D5C /* PBXContainerItemProxy */ = {
			isa = PBXContainerItemProxy;
			containerPortal = B6A215DB29C4A890008F9D5C /* Project object */;
			proxyType = 1;
			remoteGlobalIDString = B6A215E229C4A890008F9D5C;
			remoteInfo = Regex;
		};
		B6A2160429C4A891008F9D5C /* PBXContainerItemProxy */ = {
			isa = PBXContainerItemProxy;
			containerPortal = B6A215DB29C4A890008F9D5C /* Project object */;
			proxyType = 1;
			remoteGlobalIDString = B6A215E229C4A890008F9D5C;
			remoteInfo = Regex;
		};
/* End PBXContainerItemProxy section */

/* Begin PBXFileReference section */
		B67555F729C5E531005F2BE2 /* Presenter.swift */ = {isa = PBXFileReference; fileEncoding = 4; lastKnownFileType = sourcecode.swift; path = Presenter.swift; sourceTree = "<group>"; };
		B67555F929C5FD76005F2BE2 /* Router.swift */ = {isa = PBXFileReference; lastKnownFileType = sourcecode.swift; path = Router.swift; sourceTree = "<group>"; };
		B67555FC29C606AD005F2BE2 /* PasswordSettingView.swift */ = {isa = PBXFileReference; lastKnownFileType = sourcecode.swift; path = PasswordSettingView.swift; sourceTree = "<group>"; };
		B67555FE29C60CB6005F2BE2 /* MenuViewBuilder.swift */ = {isa = PBXFileReference; lastKnownFileType = sourcecode.swift; path = MenuViewBuilder.swift; sourceTree = "<group>"; };
		B675560129C615B7005F2BE2 /* EmailSettingView.swift */ = {isa = PBXFileReference; lastKnownFileType = sourcecode.swift; path = EmailSettingView.swift; sourceTree = "<group>"; };
		B6A215E329C4A890008F9D5C /* Regex.app */ = {isa = PBXFileReference; explicitFileType = wrapper.application; includeInIndex = 0; path = Regex.app; sourceTree = BUILT_PRODUCTS_DIR; };
		B6A215E629C4A890008F9D5C /* AppDelegate.swift */ = {isa = PBXFileReference; lastKnownFileType = sourcecode.swift; path = AppDelegate.swift; sourceTree = "<group>"; };
		B6A215E829C4A890008F9D5C /* SceneDelegate.swift */ = {isa = PBXFileReference; lastKnownFileType = sourcecode.swift; path = SceneDelegate.swift; sourceTree = "<group>"; };
		B6A215EF29C4A891008F9D5C /* AppIcon.xcassets */ = {isa = PBXFileReference; lastKnownFileType = folder.assetcatalog; path = AppIcon.xcassets; sourceTree = "<group>"; };
		B6A215F229C4A891008F9D5C /* Base */ = {isa = PBXFileReference; lastKnownFileType = file.storyboard; name = Base; path = Base.lproj/LaunchScreen.storyboard; sourceTree = "<group>"; };
		B6A215F429C4A891008F9D5C /* Info.plist */ = {isa = PBXFileReference; lastKnownFileType = text.plist.xml; path = Info.plist; sourceTree = "<group>"; };
		B6A215F929C4A891008F9D5C /* RegexTests.xctest */ = {isa = PBXFileReference; explicitFileType = wrapper.cfbundle; includeInIndex = 0; path = RegexTests.xctest; sourceTree = BUILT_PRODUCTS_DIR; };
		B6A2160329C4A891008F9D5C /* RegexUITests.xctest */ = {isa = PBXFileReference; explicitFileType = wrapper.cfbundle; includeInIndex = 0; path = RegexUITests.xctest; sourceTree = BUILT_PRODUCTS_DIR; };
		B6A2160729C4A891008F9D5C /* RegexUITests.swift */ = {isa = PBXFileReference; lastKnownFileType = sourcecode.swift; path = RegexUITests.swift; sourceTree = "<group>"; };
		B6A2160929C4A891008F9D5C /* RegexUITestsLaunchTests.swift */ = {isa = PBXFileReference; lastKnownFileType = sourcecode.swift; path = RegexUITestsLaunchTests.swift; sourceTree = "<group>"; };
		B6A2161C29C4AE78008F9D5C /* EmailValidateUseCase.swift */ = {isa = PBXFileReference; lastKnownFileType = sourcecode.swift; path = EmailValidateUseCase.swift; sourceTree = "<group>"; };
		B6A2161E29C4AF2C008F9D5C /* EmailValidateUseCaseTests.swift */ = {isa = PBXFileReference; lastKnownFileType = sourcecode.swift; path = EmailValidateUseCaseTests.swift; sourceTree = "<group>"; };
		B6C2355929C5422600DB08F6 /* Presentation.xcassets */ = {isa = PBXFileReference; lastKnownFileType = folder.assetcatalog; path = Presentation.xcassets; sourceTree = "<group>"; };
		B6C2355F29C5476300DB08F6 /* AppState.swift */ = {isa = PBXFileReference; lastKnownFileType = sourcecode.swift; path = AppState.swift; sourceTree = "<group>"; };
		B6C2356229C5488D00DB08F6 /* RootView.swift */ = {isa = PBXFileReference; lastKnownFileType = sourcecode.swift; path = RootView.swift; sourceTree = "<group>"; };
		B6C2356529C552F000DB08F6 /* LoginView.swift */ = {isa = PBXFileReference; lastKnownFileType = sourcecode.swift; path = LoginView.swift; sourceTree = "<group>"; };
		B6C2356829C553DF00DB08F6 /* MenuView.swift */ = {isa = PBXFileReference; lastKnownFileType = sourcecode.swift; path = MenuView.swift; sourceTree = "<group>"; };
		B6C2356A29C5554300DB08F6 /* LoginPresenter.swift */ = {isa = PBXFileReference; lastKnownFileType = sourcecode.swift; path = LoginPresenter.swift; sourceTree = "<group>"; };
		B6C2357129C5616300DB08F6 /* RoundedButtonStyle.swift */ = {isa = PBXFileReference; lastKnownFileType = sourcecode.swift; path = RoundedButtonStyle.swift; sourceTree = "<group>"; };
		B6C2357429C579D500DB08F6 /* AppTabView.swift */ = {isa = PBXFileReference; lastKnownFileType = sourcecode.swift; path = AppTabView.swift; sourceTree = "<group>"; };
		B6C2357629C57F1200DB08F6 /* MenuPresenter.swift */ = {isa = PBXFileReference; lastKnownFileType = sourcecode.swift; path = MenuPresenter.swift; sourceTree = "<group>"; };
		B6C2357C29C5906800DB08F6 /* MenuViewModel.swift */ = {isa = PBXFileReference; lastKnownFileType = sourcecode.swift; path = MenuViewModel.swift; sourceTree = "<group>"; };
		B6CD7E2929C9D5C20031DB9D /* PasswordCharacterValidator.swift */ = {isa = PBXFileReference; lastKnownFileType = sourcecode.swift; path = PasswordCharacterValidator.swift; sourceTree = "<group>"; };
		B6CD7E2B29C9E0800031DB9D /* PasswordLengthValidator.swift */ = {isa = PBXFileReference; lastKnownFileType = sourcecode.swift; path = PasswordLengthValidator.swift; sourceTree = "<group>"; };
		B6CD7E2D29C9E1C10031DB9D /* PasswordLengthValidateUseCase.swift */ = {isa = PBXFileReference; lastKnownFileType = sourcecode.swift; path = PasswordLengthValidateUseCase.swift; sourceTree = "<group>"; };
		B6CD7E2F29C9E1DC0031DB9D /* PasswordCharacterValidateUseCase.swift */ = {isa = PBXFileReference; lastKnownFileType = sourcecode.swift; path = PasswordCharacterValidateUseCase.swift; sourceTree = "<group>"; };
		B6CD7E3129C9E5790031DB9D /* EmailValidator.swift */ = {isa = PBXFileReference; lastKnownFileType = sourcecode.swift; path = EmailValidator.swift; sourceTree = "<group>"; };
		B6CD7E3329C9E7680031DB9D /* PasswordLengthValidateUseCaseTests.swift */ = {isa = PBXFileReference; lastKnownFileType = sourcecode.swift; path = PasswordLengthValidateUseCaseTests.swift; sourceTree = "<group>"; };
		B6CD7E3529C9E7800031DB9D /* PasswordCharacterValidateUseCaseTests.swift */ = {isa = PBXFileReference; lastKnownFileType = sourcecode.swift; path = PasswordCharacterValidateUseCaseTests.swift; sourceTree = "<group>"; };
		B6CD7E3829C9F63C0031DB9D /* CheckmarkText.swift */ = {isa = PBXFileReference; lastKnownFileType = sourcecode.swift; path = CheckmarkText.swift; sourceTree = "<group>"; };
		B6CD7E3B29C9F8DE0031DB9D /* UnmaskableSecureField.swift */ = {isa = PBXFileReference; lastKnownFileType = sourcecode.swift; path = UnmaskableSecureField.swift; sourceTree = "<group>"; };
		B6E0A52929C75968003B4145 /* RootViewBuilder.swift */ = {isa = PBXFileReference; lastKnownFileType = sourcecode.swift; path = RootViewBuilder.swift; sourceTree = "<group>"; };
		B6E0A52B29C75ACF003B4145 /* LoginViewBuilder.swift */ = {isa = PBXFileReference; lastKnownFileType = sourcecode.swift; path = LoginViewBuilder.swift; sourceTree = "<group>"; };
		B6E0A52D29C767F8003B4145 /* ValidationMenus.swift */ = {isa = PBXFileReference; lastKnownFileType = sourcecode.swift; path = ValidationMenus.swift; sourceTree = "<group>"; };
		B6E0A53029C768B1003B4145 /* Selection.swift */ = {isa = PBXFileReference; lastKnownFileType = sourcecode.swift; path = Selection.swift; sourceTree = "<group>"; };
		B6E0A53229C76BEC003B4145 /* EmailSettingPresenter.swift */ = {isa = PBXFileReference; lastKnownFileType = sourcecode.swift; path = EmailSettingPresenter.swift; sourceTree = "<group>"; };
		B6E0A53429C76C07003B4145 /* EmailSettingViewBuilder.swift */ = {isa = PBXFileReference; lastKnownFileType = sourcecode.swift; path = EmailSettingViewBuilder.swift; sourceTree = "<group>"; };
		B6E0A53629C76C71003B4145 /* EmailSettingViewModel.swift */ = {isa = PBXFileReference; lastKnownFileType = sourcecode.swift; path = EmailSettingViewModel.swift; sourceTree = "<group>"; };
		B6E0A53829C770AB003B4145 /* PasswordSettingPresenter.swift */ = {isa = PBXFileReference; lastKnownFileType = sourcecode.swift; path = PasswordSettingPresenter.swift; sourceTree = "<group>"; };
		B6E0A53A29C770BD003B4145 /* PasswordSettingViewBuilder.swift */ = {isa = PBXFileReference; lastKnownFileType = sourcecode.swift; path = PasswordSettingViewBuilder.swift; sourceTree = "<group>"; };
		B6E0A53C29C770C9003B4145 /* PasswordSettingViewModel.swift */ = {isa = PBXFileReference; lastKnownFileType = sourcecode.swift; path = PasswordSettingViewModel.swift; sourceTree = "<group>"; };
/* End PBXFileReference section */

/* Begin PBXFrameworksBuildPhase section */
		B6A215E029C4A890008F9D5C /* Frameworks */ = {
			isa = PBXFrameworksBuildPhase;
			buildActionMask = 2147483647;
			files = (
			);
			runOnlyForDeploymentPostprocessing = 0;
		};
		B6A215F629C4A891008F9D5C /* Frameworks */ = {
			isa = PBXFrameworksBuildPhase;
			buildActionMask = 2147483647;
			files = (
			);
			runOnlyForDeploymentPostprocessing = 0;
		};
		B6A2160029C4A891008F9D5C /* Frameworks */ = {
			isa = PBXFrameworksBuildPhase;
			buildActionMask = 2147483647;
			files = (
			);
			runOnlyForDeploymentPostprocessing = 0;
		};
/* End PBXFrameworksBuildPhase section */

/* Begin PBXGroup section */
		B67555F229C5D9BF005F2BE2 /* Routing */ = {
			isa = PBXGroup;
			children = (
				B67555F929C5FD76005F2BE2 /* Router.swift */,
			);
			path = Routing;
			sourceTree = "<group>";
		};
		B67555F529C5E518005F2BE2 /* Utility */ = {
			isa = PBXGroup;
			children = (
				B67555F629C5E523005F2BE2 /* Presenter */,
				B6E0A52F29C768A6003B4145 /* ViewModel */,
			);
			path = Utility;
			sourceTree = "<group>";
		};
		B67555F629C5E523005F2BE2 /* Presenter */ = {
			isa = PBXGroup;
			children = (
				B67555F729C5E531005F2BE2 /* Presenter.swift */,
			);
			path = Presenter;
			sourceTree = "<group>";
		};
		B67555FB29C6069F005F2BE2 /* PasswordSetting */ = {
			isa = PBXGroup;
			children = (
				B6E0A53829C770AB003B4145 /* PasswordSettingPresenter.swift */,
				B67555FC29C606AD005F2BE2 /* PasswordSettingView.swift */,
				B6E0A53A29C770BD003B4145 /* PasswordSettingViewBuilder.swift */,
				B6E0A53C29C770C9003B4145 /* PasswordSettingViewModel.swift */,
			);
			path = PasswordSetting;
			sourceTree = "<group>";
		};
		B675560029C615A9005F2BE2 /* EmailSetting */ = {
			isa = PBXGroup;
			children = (
				B6E0A53229C76BEC003B4145 /* EmailSettingPresenter.swift */,
				B675560129C615B7005F2BE2 /* EmailSettingView.swift */,
				B6E0A53429C76C07003B4145 /* EmailSettingViewBuilder.swift */,
				B6E0A53629C76C71003B4145 /* EmailSettingViewModel.swift */,
			);
			path = EmailSetting;
			sourceTree = "<group>";
		};
		B6A215DA29C4A890008F9D5C = {
			isa = PBXGroup;
			children = (
				B6A215E529C4A890008F9D5C /* Regex */,
				B6A215FC29C4A891008F9D5C /* RegexTests */,
				B6A2160629C4A891008F9D5C /* RegexUITests */,
				B6A215E429C4A890008F9D5C /* Products */,
			);
			sourceTree = "<group>";
		};
		B6A215E429C4A890008F9D5C /* Products */ = {
			isa = PBXGroup;
			children = (
				B6A215E329C4A890008F9D5C /* Regex.app */,
				B6A215F929C4A891008F9D5C /* RegexTests.xctest */,
				B6A2160329C4A891008F9D5C /* RegexUITests.xctest */,
			);
			name = Products;
			sourceTree = "<group>";
		};
		B6A215E529C4A890008F9D5C /* Regex */ = {
			isa = PBXGroup;
			children = (
				B6C2355629C540E500DB08F6 /* Application */,
				B6C2355D29C5471A00DB08F6 /* Domain */,
				B6C2355729C5413B00DB08F6 /* Presentation */,
				B6A2161629C4A942008F9D5C /* UseCase */,
			);
			path = Regex;
			sourceTree = "<group>";
		};
		B6A215FC29C4A891008F9D5C /* RegexTests */ = {
			isa = PBXGroup;
			children = (
				B6A2161929C4A98B008F9D5C /* UseCase */,
			);
			path = RegexTests;
			sourceTree = "<group>";
		};
		B6A2160629C4A891008F9D5C /* RegexUITests */ = {
			isa = PBXGroup;
			children = (
				B6A2160729C4A891008F9D5C /* RegexUITests.swift */,
				B6A2160929C4A891008F9D5C /* RegexUITestsLaunchTests.swift */,
			);
			path = RegexUITests;
			sourceTree = "<group>";
		};
		B6A2161629C4A942008F9D5C /* UseCase */ = {
			isa = PBXGroup;
			children = (
				B6A2161C29C4AE78008F9D5C /* EmailValidateUseCase.swift */,
				B6CD7E2F29C9E1DC0031DB9D /* PasswordCharacterValidateUseCase.swift */,
				B6CD7E2D29C9E1C10031DB9D /* PasswordLengthValidateUseCase.swift */,
			);
			path = UseCase;
			sourceTree = "<group>";
		};
		B6A2161929C4A98B008F9D5C /* UseCase */ = {
			isa = PBXGroup;
			children = (
				B6A2161E29C4AF2C008F9D5C /* EmailValidateUseCaseTests.swift */,
				B6CD7E3529C9E7800031DB9D /* PasswordCharacterValidateUseCaseTests.swift */,
				B6CD7E3329C9E7680031DB9D /* PasswordLengthValidateUseCaseTests.swift */,
			);
			path = UseCase;
			sourceTree = "<group>";
		};
		B6C2355629C540E500DB08F6 /* Application */ = {
			isa = PBXGroup;
			children = (
				B6A215E629C4A890008F9D5C /* AppDelegate.swift */,
				B6A215EF29C4A891008F9D5C /* AppIcon.xcassets */,
				B6A215F429C4A891008F9D5C /* Info.plist */,
				B6A215F129C4A891008F9D5C /* LaunchScreen.storyboard */,
				B6A215E829C4A890008F9D5C /* SceneDelegate.swift */,
			);
			path = Application;
			sourceTree = "<group>";
		};
		B6C2355729C5413B00DB08F6 /* Presentation */ = {
			isa = PBXGroup;
			children = (
				B6C2355C29C542A100DB08F6 /* Components */,
				B6C2355829C541F400DB08F6 /* Resources */,
				B67555F229C5D9BF005F2BE2 /* Routing */,
				B6C2355B29C5429700DB08F6 /* Scenes */,
				B6C2356F29C5614A00DB08F6 /* Style */,
				B67555F529C5E518005F2BE2 /* Utility */,
			);
			path = Presentation;
			sourceTree = "<group>";
		};
		B6C2355829C541F400DB08F6 /* Resources */ = {
			isa = PBXGroup;
			children = (
				B6C2355929C5422600DB08F6 /* Presentation.xcassets */,
			);
			path = Resources;
			sourceTree = "<group>";
		};
		B6C2355B29C5429700DB08F6 /* Scenes */ = {
			isa = PBXGroup;
			children = (
				B6C2357329C5784100DB08F6 /* AppTab */,
				B675560029C615A9005F2BE2 /* EmailSetting */,
				B6C2356429C552D700DB08F6 /* Login */,
				B6C2356729C5538800DB08F6 /* Menu */,
				B67555FB29C6069F005F2BE2 /* PasswordSetting */,
				B6C2356129C5488000DB08F6 /* Root */,
			);
			path = Scenes;
			sourceTree = "<group>";
		};
		B6C2355C29C542A100DB08F6 /* Components */ = {
			isa = PBXGroup;
			children = (
				B6CD7E3729C9F6220031DB9D /* CheckmarkText */,
				B6CD7E3A29C9F8CC0031DB9D /* UnmaskableSecureField */,
			);
			path = Components;
			sourceTree = "<group>";
		};
		B6C2355D29C5471A00DB08F6 /* Domain */ = {
			isa = PBXGroup;
			children = (
				B6C2355E29C5474100DB08F6 /* Entity */,
				B6E0A53F29C77668003B4145 /* Enum */,
				B6CD7E2829C9D53E0031DB9D /* Service */,
			);
			path = Domain;
			sourceTree = "<group>";
		};
		B6C2355E29C5474100DB08F6 /* Entity */ = {
			isa = PBXGroup;
			children = (
				B6C2355F29C5476300DB08F6 /* AppState.swift */,
			);
			path = Entity;
			sourceTree = "<group>";
		};
		B6C2356129C5488000DB08F6 /* Root */ = {
			isa = PBXGroup;
			children = (
				B6C2356229C5488D00DB08F6 /* RootView.swift */,
				B6E0A52929C75968003B4145 /* RootViewBuilder.swift */,
			);
			path = Root;
			sourceTree = "<group>";
		};
		B6C2356429C552D700DB08F6 /* Login */ = {
			isa = PBXGroup;
			children = (
				B6C2356A29C5554300DB08F6 /* LoginPresenter.swift */,
				B6C2356529C552F000DB08F6 /* LoginView.swift */,
				B6E0A52B29C75ACF003B4145 /* LoginViewBuilder.swift */,
			);
			path = Login;
			sourceTree = "<group>";
		};
		B6C2356729C5538800DB08F6 /* Menu */ = {
			isa = PBXGroup;
			children = (
				B6C2357629C57F1200DB08F6 /* MenuPresenter.swift */,
				B6C2356829C553DF00DB08F6 /* MenuView.swift */,
				B67555FE29C60CB6005F2BE2 /* MenuViewBuilder.swift */,
				B6C2357C29C5906800DB08F6 /* MenuViewModel.swift */,
			);
			path = Menu;
			sourceTree = "<group>";
		};
		B6C2356F29C5614A00DB08F6 /* Style */ = {
			isa = PBXGroup;
			children = (
				B6C2357029C5615800DB08F6 /* ButtonStyle */,
			);
			path = Style;
			sourceTree = "<group>";
		};
		B6C2357029C5615800DB08F6 /* ButtonStyle */ = {
			isa = PBXGroup;
			children = (
				B6C2357129C5616300DB08F6 /* RoundedButtonStyle.swift */,
			);
			path = ButtonStyle;
			sourceTree = "<group>";
		};
		B6C2357329C5784100DB08F6 /* AppTab */ = {
			isa = PBXGroup;
			children = (
				B6C2357429C579D500DB08F6 /* AppTabView.swift */,
			);
			path = AppTab;
			sourceTree = "<group>";
		};
		B6CD7E2829C9D53E0031DB9D /* Service */ = {
			isa = PBXGroup;
			children = (
				B6CD7E3129C9E5790031DB9D /* EmailValidator.swift */,
				B6CD7E2929C9D5C20031DB9D /* PasswordCharacterValidator.swift */,
				B6CD7E2B29C9E0800031DB9D /* PasswordLengthValidator.swift */,
			);
			path = Service;
			sourceTree = "<group>";
		};
		B6CD7E3729C9F6220031DB9D /* CheckmarkText */ = {
			isa = PBXGroup;
			children = (
				B6CD7E3829C9F63C0031DB9D /* CheckmarkText.swift */,
			);
			path = CheckmarkText;
			sourceTree = "<group>";
		};
		B6CD7E3A29C9F8CC0031DB9D /* UnmaskableSecureField */ = {
			isa = PBXGroup;
			children = (
				B6CD7E3B29C9F8DE0031DB9D /* UnmaskableSecureField.swift */,
			);
			path = UnmaskableSecureField;
			sourceTree = "<group>";
		};
		B6E0A52F29C768A6003B4145 /* ViewModel */ = {
			isa = PBXGroup;
			children = (
				B6E0A53029C768B1003B4145 /* Selection.swift */,
			);
			path = ViewModel;
			sourceTree = "<group>";
		};
		B6E0A53F29C77668003B4145 /* Enum */ = {
			isa = PBXGroup;
			children = (
				B6E0A52D29C767F8003B4145 /* ValidationMenus.swift */,
			);
			path = Enum;
			sourceTree = "<group>";
		};
/* End PBXGroup section */

/* Begin PBXNativeTarget section */
		B6A215E229C4A890008F9D5C /* Regex */ = {
			isa = PBXNativeTarget;
			buildConfigurationList = B6A2160D29C4A891008F9D5C /* Build configuration list for PBXNativeTarget "Regex" */;
			buildPhases = (
				B6A215DF29C4A890008F9D5C /* Sources */,
				B6A215E029C4A890008F9D5C /* Frameworks */,
				B6A215E129C4A890008F9D5C /* Resources */,
			);
			buildRules = (
			);
			dependencies = (
			);
			name = Regex;
			packageProductDependencies = (
			);
			productName = Regex;
			productReference = B6A215E329C4A890008F9D5C /* Regex.app */;
			productType = "com.apple.product-type.application";
		};
		B6A215F829C4A891008F9D5C /* RegexTests */ = {
			isa = PBXNativeTarget;
			buildConfigurationList = B6A2161029C4A891008F9D5C /* Build configuration list for PBXNativeTarget "RegexTests" */;
			buildPhases = (
				B6A215F529C4A891008F9D5C /* Sources */,
				B6A215F629C4A891008F9D5C /* Frameworks */,
				B6A215F729C4A891008F9D5C /* Resources */,
			);
			buildRules = (
			);
			dependencies = (
				B6A215FB29C4A891008F9D5C /* PBXTargetDependency */,
			);
			name = RegexTests;
			productName = RegexTests;
			productReference = B6A215F929C4A891008F9D5C /* RegexTests.xctest */;
			productType = "com.apple.product-type.bundle.unit-test";
		};
		B6A2160229C4A891008F9D5C /* RegexUITests */ = {
			isa = PBXNativeTarget;
			buildConfigurationList = B6A2161329C4A891008F9D5C /* Build configuration list for PBXNativeTarget "RegexUITests" */;
			buildPhases = (
				B6A215FF29C4A891008F9D5C /* Sources */,
				B6A2160029C4A891008F9D5C /* Frameworks */,
				B6A2160129C4A891008F9D5C /* Resources */,
			);
			buildRules = (
			);
			dependencies = (
				B6A2160529C4A891008F9D5C /* PBXTargetDependency */,
			);
			name = RegexUITests;
			productName = RegexUITests;
			productReference = B6A2160329C4A891008F9D5C /* RegexUITests.xctest */;
			productType = "com.apple.product-type.bundle.ui-testing";
		};
/* End PBXNativeTarget section */

/* Begin PBXProject section */
		B6A215DB29C4A890008F9D5C /* Project object */ = {
			isa = PBXProject;
			attributes = {
				BuildIndependentTargetsInParallel = 1;
				LastSwiftUpdateCheck = 1410;
				LastUpgradeCheck = 1410;
				TargetAttributes = {
					B6A215E229C4A890008F9D5C = {
						CreatedOnToolsVersion = 14.1;
					};
					B6A215F829C4A891008F9D5C = {
						CreatedOnToolsVersion = 14.1;
						TestTargetID = B6A215E229C4A890008F9D5C;
					};
					B6A2160229C4A891008F9D5C = {
						CreatedOnToolsVersion = 14.1;
						TestTargetID = B6A215E229C4A890008F9D5C;
					};
				};
			};
			buildConfigurationList = B6A215DE29C4A890008F9D5C /* Build configuration list for PBXProject "Regex" */;
			compatibilityVersion = "Xcode 14.0";
			developmentRegion = en;
			hasScannedForEncodings = 0;
			knownRegions = (
				en,
				Base,
			);
			mainGroup = B6A215DA29C4A890008F9D5C;
			packageReferences = (
			);
			productRefGroup = B6A215E429C4A890008F9D5C /* Products */;
			projectDirPath = "";
			projectRoot = "";
			targets = (
				B6A215E229C4A890008F9D5C /* Regex */,
				B6A215F829C4A891008F9D5C /* RegexTests */,
				B6A2160229C4A891008F9D5C /* RegexUITests */,
			);
		};
/* End PBXProject section */

/* Begin PBXResourcesBuildPhase section */
		B6A215E129C4A890008F9D5C /* Resources */ = {
			isa = PBXResourcesBuildPhase;
			buildActionMask = 2147483647;
			files = (
				B6A215F329C4A891008F9D5C /* LaunchScreen.storyboard in Resources */,
				B6C2355A29C5422600DB08F6 /* Presentation.xcassets in Resources */,
				B6A215F029C4A891008F9D5C /* AppIcon.xcassets in Resources */,
			);
			runOnlyForDeploymentPostprocessing = 0;
		};
		B6A215F729C4A891008F9D5C /* Resources */ = {
			isa = PBXResourcesBuildPhase;
			buildActionMask = 2147483647;
			files = (
			);
			runOnlyForDeploymentPostprocessing = 0;
		};
		B6A2160129C4A891008F9D5C /* Resources */ = {
			isa = PBXResourcesBuildPhase;
			buildActionMask = 2147483647;
			files = (
			);
			runOnlyForDeploymentPostprocessing = 0;
		};
/* End PBXResourcesBuildPhase section */

/* Begin PBXSourcesBuildPhase section */
		B6A215DF29C4A890008F9D5C /* Sources */ = {
			isa = PBXSourcesBuildPhase;
			buildActionMask = 2147483647;
			files = (
				B6CD7E3C29C9F8DE0031DB9D /* UnmaskableSecureField.swift in Sources */,
				B6E0A52E29C767F8003B4145 /* ValidationMenus.swift in Sources */,
				B67555FD29C606AD005F2BE2 /* PasswordSettingView.swift in Sources */,
				B6A215E729C4A890008F9D5C /* AppDelegate.swift in Sources */,
				B6C2357D29C5906800DB08F6 /* MenuViewModel.swift in Sources */,
				B6CD7E2E29C9E1C10031DB9D /* PasswordLengthValidateUseCase.swift in Sources */,
				B6C2357229C5616300DB08F6 /* RoundedButtonStyle.swift in Sources */,
				B6CD7E2C29C9E0800031DB9D /* PasswordLengthValidator.swift in Sources */,
				B6E0A53329C76BEC003B4145 /* EmailSettingPresenter.swift in Sources */,
				B6C2356929C553DF00DB08F6 /* MenuView.swift in Sources */,
				B6E0A52A29C75968003B4145 /* RootViewBuilder.swift in Sources */,
				B6E0A53729C76C71003B4145 /* EmailSettingViewModel.swift in Sources */,
				B6E0A53529C76C07003B4145 /* EmailSettingViewBuilder.swift in Sources */,
				B6C2356629C552F000DB08F6 /* LoginView.swift in Sources */,
				B6C2356B29C5554300DB08F6 /* LoginPresenter.swift in Sources */,
				B6E0A52C29C75ACF003B4145 /* LoginViewBuilder.swift in Sources */,
				B6E0A53929C770AB003B4145 /* PasswordSettingPresenter.swift in Sources */,
				B67555FA29C5FD76005F2BE2 /* Router.swift in Sources */,
				B6C2356029C5476300DB08F6 /* AppState.swift in Sources */,
				B6CD7E2A29C9D5C20031DB9D /* PasswordCharacterValidator.swift in Sources */,
				B6CD7E3229C9E5790031DB9D /* EmailValidator.swift in Sources */,
				B6CD7E3029C9E1DC0031DB9D /* PasswordCharacterValidateUseCase.swift in Sources */,
				B67555F829C5E531005F2BE2 /* Presenter.swift in Sources */,
				B6E0A53D29C770C9003B4145 /* PasswordSettingViewModel.swift in Sources */,
				B6C2356329C5488D00DB08F6 /* RootView.swift in Sources */,
				B6A215E929C4A890008F9D5C /* SceneDelegate.swift in Sources */,
				B6E0A53B29C770BD003B4145 /* PasswordSettingViewBuilder.swift in Sources */,
				B6CD7E3929C9F63C0031DB9D /* CheckmarkText.swift in Sources */,
				B6E0A53129C768B1003B4145 /* Selection.swift in Sources */,
				B67555FF29C60CB6005F2BE2 /* MenuViewBuilder.swift in Sources */,
				B675560229C615B7005F2BE2 /* EmailSettingView.swift in Sources */,
				B6A2161D29C4AE78008F9D5C /* EmailValidateUseCase.swift in Sources */,
				B6C2357529C579D500DB08F6 /* AppTabView.swift in Sources */,
				B6C2357729C57F1200DB08F6 /* MenuPresenter.swift in Sources */,
			);
			runOnlyForDeploymentPostprocessing = 0;
		};
		B6A215F529C4A891008F9D5C /* Sources */ = {
			isa = PBXSourcesBuildPhase;
			buildActionMask = 2147483647;
			files = (
				B6CD7E3629C9E7800031DB9D /* PasswordCharacterValidateUseCaseTests.swift in Sources */,
				B6A2161F29C4AF2C008F9D5C /* EmailValidateUseCaseTests.swift in Sources */,
				B6CD7E3429C9E7680031DB9D /* PasswordLengthValidateUseCaseTests.swift in Sources */,
			);
			runOnlyForDeploymentPostprocessing = 0;
		};
		B6A215FF29C4A891008F9D5C /* Sources */ = {
			isa = PBXSourcesBuildPhase;
			buildActionMask = 2147483647;
			files = (
				B6A2160A29C4A891008F9D5C /* RegexUITestsLaunchTests.swift in Sources */,
				B6A2160829C4A891008F9D5C /* RegexUITests.swift in Sources */,
			);
			runOnlyForDeploymentPostprocessing = 0;
		};
/* End PBXSourcesBuildPhase section */

/* Begin PBXTargetDependency section */
		B6A215FB29C4A891008F9D5C /* PBXTargetDependency */ = {
			isa = PBXTargetDependency;
			target = B6A215E229C4A890008F9D5C /* Regex */;
			targetProxy = B6A215FA29C4A891008F9D5C /* PBXContainerItemProxy */;
		};
		B6A2160529C4A891008F9D5C /* PBXTargetDependency */ = {
			isa = PBXTargetDependency;
			target = B6A215E229C4A890008F9D5C /* Regex */;
			targetProxy = B6A2160429C4A891008F9D5C /* PBXContainerItemProxy */;
		};
/* End PBXTargetDependency section */

/* Begin PBXVariantGroup section */
		B6A215F129C4A891008F9D5C /* LaunchScreen.storyboard */ = {
			isa = PBXVariantGroup;
			children = (
				B6A215F229C4A891008F9D5C /* Base */,
			);
			name = LaunchScreen.storyboard;
			sourceTree = "<group>";
		};
/* End PBXVariantGroup section */

/* Begin XCBuildConfiguration section */
		B6A2160B29C4A891008F9D5C /* Debug */ = {
			isa = XCBuildConfiguration;
			buildSettings = {
				ALWAYS_SEARCH_USER_PATHS = NO;
				CLANG_ANALYZER_NONNULL = YES;
				CLANG_ANALYZER_NUMBER_OBJECT_CONVERSION = YES_AGGRESSIVE;
				CLANG_CXX_LANGUAGE_STANDARD = "gnu++20";
				CLANG_ENABLE_MODULES = YES;
				CLANG_ENABLE_OBJC_ARC = YES;
				CLANG_ENABLE_OBJC_WEAK = YES;
				CLANG_WARN_BLOCK_CAPTURE_AUTORELEASING = YES;
				CLANG_WARN_BOOL_CONVERSION = YES;
				CLANG_WARN_COMMA = YES;
				CLANG_WARN_CONSTANT_CONVERSION = YES;
				CLANG_WARN_DEPRECATED_OBJC_IMPLEMENTATIONS = YES;
				CLANG_WARN_DIRECT_OBJC_ISA_USAGE = YES_ERROR;
				CLANG_WARN_DOCUMENTATION_COMMENTS = YES;
				CLANG_WARN_EMPTY_BODY = YES;
				CLANG_WARN_ENUM_CONVERSION = YES;
				CLANG_WARN_INFINITE_RECURSION = YES;
				CLANG_WARN_INT_CONVERSION = YES;
				CLANG_WARN_NON_LITERAL_NULL_CONVERSION = YES;
				CLANG_WARN_OBJC_IMPLICIT_RETAIN_SELF = YES;
				CLANG_WARN_OBJC_LITERAL_CONVERSION = YES;
				CLANG_WARN_OBJC_ROOT_CLASS = YES_ERROR;
				CLANG_WARN_QUOTED_INCLUDE_IN_FRAMEWORK_HEADER = YES;
				CLANG_WARN_RANGE_LOOP_ANALYSIS = YES;
				CLANG_WARN_STRICT_PROTOTYPES = YES;
				CLANG_WARN_SUSPICIOUS_MOVE = YES;
				CLANG_WARN_UNGUARDED_AVAILABILITY = YES_AGGRESSIVE;
				CLANG_WARN_UNREACHABLE_CODE = YES;
				CLANG_WARN__DUPLICATE_METHOD_MATCH = YES;
				COPY_PHASE_STRIP = NO;
				DEBUG_INFORMATION_FORMAT = dwarf;
				ENABLE_STRICT_OBJC_MSGSEND = YES;
				ENABLE_TESTABILITY = YES;
				GCC_C_LANGUAGE_STANDARD = gnu11;
				GCC_DYNAMIC_NO_PIC = NO;
				GCC_NO_COMMON_BLOCKS = YES;
				GCC_OPTIMIZATION_LEVEL = 0;
				GCC_PREPROCESSOR_DEFINITIONS = (
					"DEBUG=1",
					"$(inherited)",
				);
				GCC_WARN_64_TO_32_BIT_CONVERSION = YES;
				GCC_WARN_ABOUT_RETURN_TYPE = YES_ERROR;
				GCC_WARN_UNDECLARED_SELECTOR = YES;
				GCC_WARN_UNINITIALIZED_AUTOS = YES_AGGRESSIVE;
				GCC_WARN_UNUSED_FUNCTION = YES;
				GCC_WARN_UNUSED_VARIABLE = YES;
				IPHONEOS_DEPLOYMENT_TARGET = 14.0;
				MTL_ENABLE_DEBUG_INFO = INCLUDE_SOURCE;
				MTL_FAST_MATH = YES;
				ONLY_ACTIVE_ARCH = YES;
				SDKROOT = iphoneos;
				SWIFT_ACTIVE_COMPILATION_CONDITIONS = DEBUG;
				SWIFT_OPTIMIZATION_LEVEL = "-Onone";
			};
			name = Debug;
		};
		B6A2160C29C4A891008F9D5C /* Release */ = {
			isa = XCBuildConfiguration;
			buildSettings = {
				ALWAYS_SEARCH_USER_PATHS = NO;
				CLANG_ANALYZER_NONNULL = YES;
				CLANG_ANALYZER_NUMBER_OBJECT_CONVERSION = YES_AGGRESSIVE;
				CLANG_CXX_LANGUAGE_STANDARD = "gnu++20";
				CLANG_ENABLE_MODULES = YES;
				CLANG_ENABLE_OBJC_ARC = YES;
				CLANG_ENABLE_OBJC_WEAK = YES;
				CLANG_WARN_BLOCK_CAPTURE_AUTORELEASING = YES;
				CLANG_WARN_BOOL_CONVERSION = YES;
				CLANG_WARN_COMMA = YES;
				CLANG_WARN_CONSTANT_CONVERSION = YES;
				CLANG_WARN_DEPRECATED_OBJC_IMPLEMENTATIONS = YES;
				CLANG_WARN_DIRECT_OBJC_ISA_USAGE = YES_ERROR;
				CLANG_WARN_DOCUMENTATION_COMMENTS = YES;
				CLANG_WARN_EMPTY_BODY = YES;
				CLANG_WARN_ENUM_CONVERSION = YES;
				CLANG_WARN_INFINITE_RECURSION = YES;
				CLANG_WARN_INT_CONVERSION = YES;
				CLANG_WARN_NON_LITERAL_NULL_CONVERSION = YES;
				CLANG_WARN_OBJC_IMPLICIT_RETAIN_SELF = YES;
				CLANG_WARN_OBJC_LITERAL_CONVERSION = YES;
				CLANG_WARN_OBJC_ROOT_CLASS = YES_ERROR;
				CLANG_WARN_QUOTED_INCLUDE_IN_FRAMEWORK_HEADER = YES;
				CLANG_WARN_RANGE_LOOP_ANALYSIS = YES;
				CLANG_WARN_STRICT_PROTOTYPES = YES;
				CLANG_WARN_SUSPICIOUS_MOVE = YES;
				CLANG_WARN_UNGUARDED_AVAILABILITY = YES_AGGRESSIVE;
				CLANG_WARN_UNREACHABLE_CODE = YES;
				CLANG_WARN__DUPLICATE_METHOD_MATCH = YES;
				COPY_PHASE_STRIP = NO;
				DEBUG_INFORMATION_FORMAT = "dwarf-with-dsym";
				ENABLE_NS_ASSERTIONS = NO;
				ENABLE_STRICT_OBJC_MSGSEND = YES;
				GCC_C_LANGUAGE_STANDARD = gnu11;
				GCC_NO_COMMON_BLOCKS = YES;
				GCC_WARN_64_TO_32_BIT_CONVERSION = YES;
				GCC_WARN_ABOUT_RETURN_TYPE = YES_ERROR;
				GCC_WARN_UNDECLARED_SELECTOR = YES;
				GCC_WARN_UNINITIALIZED_AUTOS = YES_AGGRESSIVE;
				GCC_WARN_UNUSED_FUNCTION = YES;
				GCC_WARN_UNUSED_VARIABLE = YES;
				IPHONEOS_DEPLOYMENT_TARGET = 14.0;
				MTL_ENABLE_DEBUG_INFO = NO;
				MTL_FAST_MATH = YES;
				SDKROOT = iphoneos;
				SWIFT_COMPILATION_MODE = wholemodule;
				SWIFT_OPTIMIZATION_LEVEL = "-O";
				VALIDATE_PRODUCT = YES;
			};
			name = Release;
		};
		B6A2160E29C4A891008F9D5C /* Debug */ = {
			isa = XCBuildConfiguration;
			buildSettings = {
				ASSETCATALOG_COMPILER_APPICON_NAME = AppIcon;
				ASSETCATALOG_COMPILER_GLOBAL_ACCENT_COLOR_NAME = AccentColor;
				CODE_SIGN_STYLE = Automatic;
				CURRENT_PROJECT_VERSION = 1;
				DEVELOPMENT_TEAM = B8PR34D6DP;
				GENERATE_INFOPLIST_FILE = YES;
				INFOPLIST_FILE = Regex/Application/Info.plist;
				INFOPLIST_KEY_UIApplicationSupportsIndirectInputEvents = YES;
				INFOPLIST_KEY_UILaunchStoryboardName = LaunchScreen;
				INFOPLIST_KEY_UISupportedInterfaceOrientations_iPad = "UIInterfaceOrientationPortrait UIInterfaceOrientationPortraitUpsideDown UIInterfaceOrientationLandscapeLeft UIInterfaceOrientationLandscapeRight";
				INFOPLIST_KEY_UISupportedInterfaceOrientations_iPhone = "UIInterfaceOrientationPortrait UIInterfaceOrientationLandscapeLeft UIInterfaceOrientationLandscapeRight";
				IPHONEOS_DEPLOYMENT_TARGET = 14.0;
				LD_RUNPATH_SEARCH_PATHS = (
					"$(inherited)",
					"@executable_path/Frameworks",
				);
				MARKETING_VERSION = 1.0;
				PRODUCT_BUNDLE_IDENTIFIER = jp.yuoku.Regex;
				PRODUCT_NAME = "$(TARGET_NAME)";
				SWIFT_EMIT_LOC_STRINGS = YES;
				SWIFT_VERSION = 5.0;
				TARGETED_DEVICE_FAMILY = "1,2";
			};
			name = Debug;
		};
		B6A2160F29C4A891008F9D5C /* Release */ = {
			isa = XCBuildConfiguration;
			buildSettings = {
				ASSETCATALOG_COMPILER_APPICON_NAME = AppIcon;
				ASSETCATALOG_COMPILER_GLOBAL_ACCENT_COLOR_NAME = AccentColor;
				CODE_SIGN_STYLE = Automatic;
				CURRENT_PROJECT_VERSION = 1;
				DEVELOPMENT_TEAM = B8PR34D6DP;
				GENERATE_INFOPLIST_FILE = YES;
				INFOPLIST_FILE = Regex/Application/Info.plist;
				INFOPLIST_KEY_UIApplicationSupportsIndirectInputEvents = YES;
				INFOPLIST_KEY_UILaunchStoryboardName = LaunchScreen;
				INFOPLIST_KEY_UISupportedInterfaceOrientations_iPad = "UIInterfaceOrientationPortrait UIInterfaceOrientationPortraitUpsideDown UIInterfaceOrientationLandscapeLeft UIInterfaceOrientationLandscapeRight";
				INFOPLIST_KEY_UISupportedInterfaceOrientations_iPhone = "UIInterfaceOrientationPortrait UIInterfaceOrientationLandscapeLeft UIInterfaceOrientationLandscapeRight";
				IPHONEOS_DEPLOYMENT_TARGET = 14.0;
				LD_RUNPATH_SEARCH_PATHS = (
					"$(inherited)",
					"@executable_path/Frameworks",
				);
				MARKETING_VERSION = 1.0;
				PRODUCT_BUNDLE_IDENTIFIER = jp.yuoku.Regex;
				PRODUCT_NAME = "$(TARGET_NAME)";
				SWIFT_EMIT_LOC_STRINGS = YES;
				SWIFT_VERSION = 5.0;
				TARGETED_DEVICE_FAMILY = "1,2";
			};
			name = Release;
		};
		B6A2161129C4A891008F9D5C /* Debug */ = {
			isa = XCBuildConfiguration;
			buildSettings = {
				ALWAYS_EMBED_SWIFT_STANDARD_LIBRARIES = YES;
				BUNDLE_LOADER = "$(TEST_HOST)";
				CODE_SIGN_STYLE = Automatic;
				CURRENT_PROJECT_VERSION = 1;
				DEVELOPMENT_TEAM = B8PR34D6DP;
				GENERATE_INFOPLIST_FILE = YES;
				IPHONEOS_DEPLOYMENT_TARGET = 16.1;
				MARKETING_VERSION = 1.0;
				PRODUCT_BUNDLE_IDENTIFIER = jp.yuoku.RegexTests;
				PRODUCT_NAME = "$(TARGET_NAME)";
				SWIFT_EMIT_LOC_STRINGS = NO;
				SWIFT_VERSION = 5.0;
				TARGETED_DEVICE_FAMILY = "1,2";
				TEST_HOST = "$(BUILT_PRODUCTS_DIR)/Regex.app/$(BUNDLE_EXECUTABLE_FOLDER_PATH)/Regex";
			};
			name = Debug;
		};
		B6A2161229C4A891008F9D5C /* Release */ = {
			isa = XCBuildConfiguration;
			buildSettings = {
				ALWAYS_EMBED_SWIFT_STANDARD_LIBRARIES = YES;
				BUNDLE_LOADER = "$(TEST_HOST)";
				CODE_SIGN_STYLE = Automatic;
				CURRENT_PROJECT_VERSION = 1;
				DEVELOPMENT_TEAM = B8PR34D6DP;
				GENERATE_INFOPLIST_FILE = YES;
				IPHONEOS_DEPLOYMENT_TARGET = 16.1;
				MARKETING_VERSION = 1.0;
				PRODUCT_BUNDLE_IDENTIFIER = jp.yuoku.RegexTests;
				PRODUCT_NAME = "$(TARGET_NAME)";
				SWIFT_EMIT_LOC_STRINGS = NO;
				SWIFT_VERSION = 5.0;
				TARGETED_DEVICE_FAMILY = "1,2";
				TEST_HOST = "$(BUILT_PRODUCTS_DIR)/Regex.app/$(BUNDLE_EXECUTABLE_FOLDER_PATH)/Regex";
			};
			name = Release;
		};
		B6A2161429C4A891008F9D5C /* Debug */ = {
			isa = XCBuildConfiguration;
			buildSettings = {
				ALWAYS_EMBED_SWIFT_STANDARD_LIBRARIES = YES;
				CODE_SIGN_STYLE = Automatic;
				CURRENT_PROJECT_VERSION = 1;
				DEVELOPMENT_TEAM = B8PR34D6DP;
				GENERATE_INFOPLIST_FILE = YES;
				MARKETING_VERSION = 1.0;
				PRODUCT_BUNDLE_IDENTIFIER = jp.yuoku.RegexUITests;
				PRODUCT_NAME = "$(TARGET_NAME)";
				SWIFT_EMIT_LOC_STRINGS = NO;
				SWIFT_VERSION = 5.0;
				TARGETED_DEVICE_FAMILY = "1,2";
				TEST_TARGET_NAME = Regex;
			};
			name = Debug;
		};
		B6A2161529C4A891008F9D5C /* Release */ = {
			isa = XCBuildConfiguration;
			buildSettings = {
				ALWAYS_EMBED_SWIFT_STANDARD_LIBRARIES = YES;
				CODE_SIGN_STYLE = Automatic;
				CURRENT_PROJECT_VERSION = 1;
				DEVELOPMENT_TEAM = B8PR34D6DP;
				GENERATE_INFOPLIST_FILE = YES;
				MARKETING_VERSION = 1.0;
				PRODUCT_BUNDLE_IDENTIFIER = jp.yuoku.RegexUITests;
				PRODUCT_NAME = "$(TARGET_NAME)";
				SWIFT_EMIT_LOC_STRINGS = NO;
				SWIFT_VERSION = 5.0;
				TARGETED_DEVICE_FAMILY = "1,2";
				TEST_TARGET_NAME = Regex;
			};
			name = Release;
		};
/* End XCBuildConfiguration section */

/* Begin XCConfigurationList section */
		B6A215DE29C4A890008F9D5C /* Build configuration list for PBXProject "Regex" */ = {
			isa = XCConfigurationList;
			buildConfigurations = (
				B6A2160B29C4A891008F9D5C /* Debug */,
				B6A2160C29C4A891008F9D5C /* Release */,
			);
			defaultConfigurationIsVisible = 0;
			defaultConfigurationName = Release;
		};
		B6A2160D29C4A891008F9D5C /* Build configuration list for PBXNativeTarget "Regex" */ = {
			isa = XCConfigurationList;
			buildConfigurations = (
				B6A2160E29C4A891008F9D5C /* Debug */,
				B6A2160F29C4A891008F9D5C /* Release */,
			);
			defaultConfigurationIsVisible = 0;
			defaultConfigurationName = Release;
		};
		B6A2161029C4A891008F9D5C /* Build configuration list for PBXNativeTarget "RegexTests" */ = {
			isa = XCConfigurationList;
			buildConfigurations = (
				B6A2161129C4A891008F9D5C /* Debug */,
				B6A2161229C4A891008F9D5C /* Release */,
			);
			defaultConfigurationIsVisible = 0;
			defaultConfigurationName = Release;
		};
		B6A2161329C4A891008F9D5C /* Build configuration list for PBXNativeTarget "RegexUITests" */ = {
			isa = XCConfigurationList;
			buildConfigurations = (
				B6A2161429C4A891008F9D5C /* Debug */,
				B6A2161529C4A891008F9D5C /* Release */,
			);
			defaultConfigurationIsVisible = 0;
			defaultConfigurationName = Release;
		};
/* End XCConfigurationList section */
	};
	rootObject = B6A215DB29C4A890008F9D5C /* Project object */;
}
